
Microsoft Visual Studio Solution File, Format Version 12.00
# Visual Studio Version 16
VisualStudioVersion = 16.0.29613.14
MinimumVisualStudioVersion = 10.0.40219.1
Project("{FAE04EC0-301F-11D3-BF4B-00C04F79EFBC}") = "BethanysPieShop", "BethanysPieShop\BethanysPieShop.csproj", "{937C15AD-534B-41A4-8AA0-D34B4B06B07D}"
EndProject
Global
	GlobalSection(SolutionConfigurationPlatforms) = preSolution
		Debug|Any CPU = Debug|Any CPU
		Release|Any CPU = Release|Any CPU
	EndGlobalSection
	GlobalSection(ProjectConfigurationPlatforms) = postSolution
		{937C15AD-534B-41A4-8AA0-D34B4B06B07D}.Debug|Any CPU.ActiveCfg = Debug|Any CPU
		{937C15AD-534B-41A4-8AA0-D34B4B06B07D}.Debug|Any CPU.Build.0 = Debug|Any CPU
		{937C15AD-534B-41A4-8AA0-D34B4B06B07D}.Release|Any CPU.ActiveCfg = Release|Any CPU
		{937C15AD-534B-41A4-8AA0-D34B4B06B07D}.Release|Any CPU.Build.0 = Release|Any CPU
	EndGlobalSection
	GlobalSection(SolutionProperties) = preSolution
		HideSolutionNode = FALSE
	EndGlobalSection
	GlobalSection(ExtensibilityGlobals) = postSolution
		SolutionGuid = {B7924499-3288-4A3B-BFB6-D85F1A44C14C}
	EndGlobalSection
EndGlobal
